// !$*UTF8*$!
{
	archiveVersion = 1;
	classes = {
	};
	objectVersion = 46;
	objects = {

/* Begin PBXBuildFile section */
		FA2037181C4FCA890034899B /* AppDelegate.swift in Sources */ = {isa = PBXBuildFile; fileRef = FA2037171C4FCA890034899B /* AppDelegate.swift */; };
		FA20371A1C4FCA890034899B /* ViewController.swift in Sources */ = {isa = PBXBuildFile; fileRef = FA2037191C4FCA890034899B /* ViewController.swift */; };
		FA20371D1C4FCA890034899B /* Main.storyboard in Resources */ = {isa = PBXBuildFile; fileRef = FA20371B1C4FCA890034899B /* Main.storyboard */; };
		FA20371F1C4FCA890034899B /* Assets.xcassets in Resources */ = {isa = PBXBuildFile; fileRef = FA20371E1C4FCA890034899B /* Assets.xcassets */; };
		FA2037221C4FCA890034899B /* LaunchScreen.storyboard in Resources */ = {isa = PBXBuildFile; fileRef = FA2037201C4FCA890034899B /* LaunchScreen.storyboard */; };
		FA20372D1C4FCA890034899B /* NetworkRequestStubbingTests.swift in Sources */ = {isa = PBXBuildFile; fileRef = FA20372C1C4FCA890034899B /* NetworkRequestStubbingTests.swift */; };
/* End PBXBuildFile section */

/* Begin PBXContainerItemProxy section */
		FA2037291C4FCA890034899B /* PBXContainerItemProxy */ = {
			isa = PBXContainerItemProxy;
			containerPortal = FA20370C1C4FCA890034899B /* Project object */;
			proxyType = 1;
			remoteGlobalIDString = FA2037131C4FCA890034899B;
			remoteInfo = NetworkRequestStubbing;
		};
/* End PBXContainerItemProxy section */

/* Begin PBXFileReference section */
		FA2037141C4FCA890034899B /* NetworkRequestStubbing.app */ = {isa = PBXFileReference; explicitFileType = wrapper.application; includeInIndex = 0; path = NetworkRequestStubbing.app; sourceTree = BUILT_PRODUCTS_DIR; };
		FA2037171C4FCA890034899B /* AppDelegate.swift */ = {isa = PBXFileReference; lastKnownFileType = sourcecode.swift; path = AppDelegate.swift; sourceTree = "<group>"; };
		FA2037191C4FCA890034899B /* ViewController.swift */ = {isa = PBXFileReference; lastKnownFileType = sourcecode.swift; path = ViewController.swift; sourceTree = "<group>"; };
		FA20371C1C4FCA890034899B /* Base */ = {isa = PBXFileReference; lastKnownFileType = file.storyboard; name = Base; path = Base.lproj/Main.storyboard; sourceTree = "<group>"; };
		FA20371E1C4FCA890034899B /* Assets.xcassets */ = {isa = PBXFileReference; lastKnownFileType = folder.assetcatalog; path = Assets.xcassets; sourceTree = "<group>"; };
		FA2037211C4FCA890034899B /* Base */ = {isa = PBXFileReference; lastKnownFileType = file.storyboard; name = Base; path = Base.lproj/LaunchScreen.storyboard; sourceTree = "<group>"; };
		FA2037231C4FCA890034899B /* Info.plist */ = {isa = PBXFileReference; lastKnownFileType = text.plist.xml; path = Info.plist; sourceTree = "<group>"; };
		FA2037281C4FCA890034899B /* NetworkRequestStubbingTests.xctest */ = {isa = PBXFileReference; explicitFileType = wrapper.cfbundle; includeInIndex = 0; path = NetworkRequestStubbingTests.xctest; sourceTree = BUILT_PRODUCTS_DIR; };
		FA20372C1C4FCA890034899B /* NetworkRequestStubbingTests.swift */ = {isa = PBXFileReference; lastKnownFileType = sourcecode.swift; path = NetworkRequestStubbingTests.swift; sourceTree = "<group>"; };
		FA20372E1C4FCA890034899B /* Info.plist */ = {isa = PBXFileReference; lastKnownFileType = text.plist.xml; path = Info.plist; sourceTree = "<group>"; };
/* End PBXFileReference section */

/* Begin PBXFrameworksBuildPhase section */
		FA2037111C4FCA890034899B /* Frameworks */ = {
			isa = PBXFrameworksBuildPhase;
			buildActionMask = 2147483647;
			files = (
			);
			runOnlyForDeploymentPostprocessing = 0;
		};
		FA2037251C4FCA890034899B /* Frameworks */ = {
			isa = PBXFrameworksBuildPhase;
			buildActionMask = 2147483647;
			files = (
			);
			runOnlyForDeploymentPostprocessing = 0;
		};
/* End PBXFrameworksBuildPhase section */

/* Begin PBXGroup section */
		FA20370B1C4FCA890034899B = {
			isa = PBXGroup;
			children = (
				FA2037161C4FCA890034899B /* NetworkRequestStubbing */,
				FA20372B1C4FCA890034899B /* NetworkRequestStubbingTests */,
				FA2037151C4FCA890034899B /* Products */,
			);
			sourceTree = "<group>";
		};
		FA2037151C4FCA890034899B /* Products */ = {
			isa = PBXGroup;
			children = (
				FA2037141C4FCA890034899B /* NetworkRequestStubbing.app */,
				FA2037281C4FCA890034899B /* NetworkRequestStubbingTests.xctest */,
			);
			name = Products;
			sourceTree = "<group>";
		};
		FA2037161C4FCA890034899B /* NetworkRequestStubbing */ = {
			isa = PBXGroup;
			children = (
				FA2037171C4FCA890034899B /* AppDelegate.swift */,
				FA2037191C4FCA890034899B /* ViewController.swift */,
				FA20371B1C4FCA890034899B /* Main.storyboard */,
				FA20371E1C4FCA890034899B /* Assets.xcassets */,
				FA2037201C4FCA890034899B /* LaunchScreen.storyboard */,
				FA2037231C4FCA890034899B /* Info.plist */,
			);
			path = NetworkRequestStubbing;
			sourceTree = "<group>";
		};
		FA20372B1C4FCA890034899B /* NetworkRequestStubbingTests */ = {
			isa = PBXGroup;
			children = (
				FA20372C1C4FCA890034899B /* NetworkRequestStubbingTests.swift */,
				FA20372E1C4FCA890034899B /* Info.plist */,
			);
			path = NetworkRequestStubbingTests;
			sourceTree = "<group>";
		};
/* End PBXGroup section */

/* Begin PBXNativeTarget section */
		FA2037131C4FCA890034899B /* NetworkRequestStubbing */ = {
			isa = PBXNativeTarget;
			buildConfigurationList = FA2037311C4FCA890034899B /* Build configuration list for PBXNativeTarget "NetworkRequestStubbing" */;
			buildPhases = (
				FA2037101C4FCA890034899B /* Sources */,
				FA2037111C4FCA890034899B /* Frameworks */,
				FA2037121C4FCA890034899B /* Resources */,
			);
			buildRules = (
			);
			dependencies = (
			);
			name = NetworkRequestStubbing;
			productName = NetworkRequestStubbing;
			productReference = FA2037141C4FCA890034899B /* NetworkRequestStubbing.app */;
			productType = "com.apple.product-type.application";
		};
		FA2037271C4FCA890034899B /* NetworkRequestStubbingTests */ = {
			isa = PBXNativeTarget;
			buildConfigurationList = FA2037341C4FCA890034899B /* Build configuration list for PBXNativeTarget "NetworkRequestStubbingTests" */;
			buildPhases = (
				FA2037241C4FCA890034899B /* Sources */,
				FA2037251C4FCA890034899B /* Frameworks */,
				FA2037261C4FCA890034899B /* Resources */,
			);
			buildRules = (
			);
			dependencies = (
				FA20372A1C4FCA890034899B /* PBXTargetDependency */,
			);
			name = NetworkRequestStubbingTests;
			productName = NetworkRequestStubbingTests;
			productReference = FA2037281C4FCA890034899B /* NetworkRequestStubbingTests.xctest */;
			productType = "com.apple.product-type.bundle.unit-test";
		};
/* End PBXNativeTarget section */

/* Begin PBXProject section */
		FA20370C1C4FCA890034899B /* Project object */ = {
			isa = PBXProject;
			attributes = {
				LastSwiftUpdateCheck = 0720;
				LastUpgradeCheck = 0720;
				ORGANIZATIONNAME = Jarroo;
				TargetAttributes = {
					FA2037131C4FCA890034899B = {
						CreatedOnToolsVersion = 7.2;
					};
					FA2037271C4FCA890034899B = {
						CreatedOnToolsVersion = 7.2;
						TestTargetID = FA2037131C4FCA890034899B;
					};
				};
			};
			buildConfigurationList = FA20370F1C4FCA890034899B /* Build configuration list for PBXProject "NetworkRequestStubbing" */;
			compatibilityVersion = "Xcode 3.2";
			developmentRegion = English;
			hasScannedForEncodings = 0;
			knownRegions = (
				en,
				Base,
			);
			mainGroup = FA20370B1C4FCA890034899B;
			productRefGroup = FA2037151C4FCA890034899B /* Products */;
			projectDirPath = "";
			projectRoot = "";
			targets = (
				FA2037131C4FCA890034899B /* NetworkRequestStubbing */,
				FA2037271C4FCA890034899B /* NetworkRequestStubbingTests */,
			);
		};
/* End PBXProject section */

/* Begin PBXResourcesBuildPhase section */
		FA2037121C4FCA890034899B /* Resources */ = {
			isa = PBXResourcesBuildPhase;
			buildActionMask = 2147483647;
			files = (
				FA2037221C4FCA890034899B /* LaunchScreen.storyboard in Resources */,
				FA20371F1C4FCA890034899B /* Assets.xcassets in Resources */,
				FA20371D1C4FCA890034899B /* Main.storyboard in Resources */,
			);
			runOnlyForDeploymentPostprocessing = 0;
		};
		FA2037261C4FCA890034899B /* Resources */ = {
			isa = PBXResourcesBuildPhase;
			buildActionMask = 2147483647;
			files = (
			);
			runOnlyForDeploymentPostprocessing = 0;
		};
/* End PBXResourcesBuildPhase section */

/* Begin PBXSourcesBuildPhase section */
		FA2037101C4FCA890034899B /* Sources */ = {
			isa = PBXSourcesBuildPhase;
			buildActionMask = 2147483647;
			files = (
				FA20371A1C4FCA890034899B /* ViewController.swift in Sources */,
				FA2037181C4FCA890034899B /* AppDelegate.swift in Sources */,
			);
			runOnlyForDeploymentPostprocessing = 0;
		};
		FA2037241C4FCA890034899B /* Sources */ = {
			isa = PBXSourcesBuildPhase;
			buildActionMask = 2147483647;
			files = (
				FA20372D1C4FCA890034899B /* NetworkRequestStubbingTests.swift in Sources */,
			);
			runOnlyForDeploymentPostprocessing = 0;
		};
/* End PBXSourcesBuildPhase section */

/* Begin PBXTargetDependency section */
		FA20372A1C4FCA890034899B /* PBXTargetDependency */ = {
			isa = PBXTargetDependency;
			target = FA2037131C4FCA890034899B /* NetworkRequestStubbing */;
			targetProxy = FA2037291C4FCA890034899B /* PBXContainerItemProxy */;
		};
/* End PBXTargetDependency section */

/* Begin PBXVariantGroup section */
		FA20371B1C4FCA890034899B /* Main.storyboard */ = {
			isa = PBXVariantGroup;
			children = (
				FA20371C1C4FCA890034899B /* Base */,
			);
			name = Main.storyboard;
			sourceTree = "<group>";
		};
		FA2037201C4FCA890034899B /* LaunchScreen.storyboard */ = {
			isa = PBXVariantGroup;
			children = (
				FA2037211C4FCA890034899B /* Base */,
			);
			name = LaunchScreen.storyboard;
			sourceTree = "<group>";
		};
/* End PBXVariantGroup section */

/* Begin XCBuildConfiguration section */
		FA20372F1C4FCA890034899B /* Debug */ = {
			isa = XCBuildConfiguration;
			buildSettings = {
				ALWAYS_SEARCH_USER_PATHS = NO;
				CLANG_CXX_LANGUAGE_STANDARD = "gnu++0x";
				CLANG_CXX_LIBRARY = "libc++";
				CLANG_ENABLE_MODULES = YES;
				CLANG_ENABLE_OBJC_ARC = YES;
				CLANG_WARN_BOOL_CONVERSION = YES;
				CLANG_WARN_CONSTANT_CONVERSION = YES;
				CLANG_WARN_DIRECT_OBJC_ISA_USAGE = YES_ERROR;
				CLANG_WARN_EMPTY_BODY = YES;
				CLANG_WARN_ENUM_CONVERSION = YES;
				CLANG_WARN_INT_CONVERSION = YES;
				CLANG_WARN_OBJC_ROOT_CLASS = YES_ERROR;
				CLANG_WARN_UNREACHABLE_CODE = YES;
				CLANG_WARN__DUPLICATE_METHOD_MATCH = YES;
				"CODE_SIGN_IDENTITY[sdk=iphoneos*]" = "iPhone Developer";
				COPY_PHASE_STRIP = NO;
				DEBUG_INFORMATION_FORMAT = dwarf;
				ENABLE_STRICT_OBJC_MSGSEND = YES;
				ENABLE_TESTABILITY = YES;
				GCC_C_LANGUAGE_STANDARD = gnu99;
				GCC_DYNAMIC_NO_PIC = NO;
				GCC_NO_COMMON_BLOCKS = YES;
				GCC_OPTIMIZATION_LEVEL = 0;
				GCC_PREPROCESSOR_DEFINITIONS = (
					"DEBUG=1",
					"$(inherited)",
				);
				GCC_WARN_64_TO_32_BIT_CONVERSION = YES;
				GCC_WARN_ABOUT_RETURN_TYPE = YES_ERROR;
				GCC_WARN_UNDECLARED_SELECTOR = YES;
				GCC_WARN_UNINITIALIZED_AUTOS = YES_AGGRESSIVE;
				GCC_WARN_UNUSED_FUNCTION = YES;
				GCC_WARN_UNUSED_VARIABLE = YES;
				IPHONEOS_DEPLOYMENT_TARGET = 8.0;
				MTL_ENABLE_DEBUG_INFO = YES;
				ONLY_ACTIVE_ARCH = YES;
				SDKROOT = iphoneos;
				SWIFT_OPTIMIZATION_LEVEL = "-Onone";
				TARGETED_DEVICE_FAMILY = "1,2";
			};
			name = Debug;
		};
		FA2037301C4FCA890034899B /* Release */ = {
			isa = XCBuildConfiguration;
			buildSettings = {
				ALWAYS_SEARCH_USER_PATHS = NO;
				CLANG_CXX_LANGUAGE_STANDARD = "gnu++0x";
				CLANG_CXX_LIBRARY = "libc++";
				CLANG_ENABLE_MODULES = YES;
				CLANG_ENABLE_OBJC_ARC = YES;
				CLANG_WARN_BOOL_CONVERSION = YES;
				CLANG_WARN_CONSTANT_CONVERSION = YES;
				CLANG_WARN_DIRECT_OBJC_ISA_USAGE = YES_ERROR;
				CLANG_WARN_EMPTY_BODY = YES;
				CLANG_WARN_ENUM_CONVERSION = YES;
				CLANG_WARN_INT_CONVERSION = YES;
				CLANG_WARN_OBJC_ROOT_CLASS = YES_ERROR;
				CLANG_WARN_UNREACHABLE_CODE = YES;
				CLANG_WARN__DUPLICATE_METHOD_MATCH = YES;
				"CODE_SIGN_IDENTITY[sdk=iphoneos*]" = "iPhone Developer";
				COPY_PHASE_STRIP = NO;
				DEBUG_INFORMATION_FORMAT = "dwarf-with-dsym";
				ENABLE_NS_ASSERTIONS = NO;
				ENABLE_STRICT_OBJC_MSGSEND = YES;
				GCC_C_LANGUAGE_STANDARD = gnu99;
				GCC_NO_COMMON_BLOCKS = YES;
				GCC_WARN_64_TO_32_BIT_CONVERSION = YES;
				GCC_WARN_ABOUT_RETURN_TYPE = YES_ERROR;
				GCC_WARN_UNDECLARED_SELECTOR = YES;
				GCC_WARN_UNINITIALIZED_AUTOS = YES_AGGRESSIVE;
				GCC_WARN_UNUSED_FUNCTION = YES;
				GCC_WARN_UNUSED_VARIABLE = YES;
				IPHONEOS_DEPLOYMENT_TARGET = 8.0;
				MTL_ENABLE_DEBUG_INFO = NO;
				SDKROOT = iphoneos;
				TARGETED_DEVICE_FAMILY = "1,2";
				VALIDATE_PRODUCT = YES;
			};
			name = Release;
		};
		FA2037321C4FCA890034899B /* Debug */ = {
			isa = XCBuildConfiguration;
			buildSettings = {
				ASSETCATALOG_COMPILER_APPICON_NAME = AppIcon;
				INFOPLIST_FILE = NetworkRequestStubbing/Info.plist;
				LD_RUNPATH_SEARCH_PATHS = "$(inherited) @executable_path/Frameworks";
				PRODUCT_BUNDLE_IDENTIFIER = com.jarroo.demo.NetworkRequestStubbing;
				PRODUCT_NAME = "$(TARGET_NAME)";
			};
			name = Debug;
		};
		FA2037331C4FCA890034899B /* Release */ = {
			isa = XCBuildConfiguration;
			buildSettings = {
				ASSETCATALOG_COMPILER_APPICON_NAME = AppIcon;
				INFOPLIST_FILE = NetworkRequestStubbing/Info.plist;
				LD_RUNPATH_SEARCH_PATHS = "$(inherited) @executable_path/Frameworks";
				PRODUCT_BUNDLE_IDENTIFIER = com.jarroo.demo.NetworkRequestStubbing;
				PRODUCT_NAME = "$(TARGET_NAME)";
			};
			name = Release;
		};
		FA2037351C4FCA890034899B /* Debug */ = {
			isa = XCBuildConfiguration;
			buildSettings = {
				BUNDLE_LOADER = "$(TEST_HOST)";
				INFOPLIST_FILE = NetworkRequestStubbingTests/Info.plist;
				LD_RUNPATH_SEARCH_PATHS = "$(inherited) @executable_path/Frameworks @loader_path/Frameworks";
				PRODUCT_BUNDLE_IDENTIFIER = com.jarroo.demo.NetworkRequestStubbingTests;
				PRODUCT_NAME = "$(TARGET_NAME)";
				TEST_HOST = "$(BUILT_PRODUCTS_DIR)/NetworkRequestStubbing.app/NetworkRequestStubbing";
			};
			name = Debug;
		};
		FA2037361C4FCA890034899B /* Release */ = {
			isa = XCBuildConfiguration;
			buildSettings = {
				BUNDLE_LOADER = "$(TEST_HOST)";
				INFOPLIST_FILE = NetworkRequestStubbingTests/Info.plist;
				LD_RUNPATH_SEARCH_PATHS = "$(inherited) @executable_path/Frameworks @loader_path/Frameworks";
				PRODUCT_BUNDLE_IDENTIFIER = com.jarroo.demo.NetworkRequestStubbingTests;
				PRODUCT_NAME = "$(TARGET_NAME)";
				TEST_HOST = "$(BUILT_PRODUCTS_DIR)/NetworkRequestStubbing.app/NetworkRequestStubbing";
			};
			name = Release;
		};
/* End XCBuildConfiguration section */

/* Begin XCConfigurationList section */
		FA20370F1C4FCA890034899B /* Build configuration list for PBXProject "NetworkRequestStubbing" */ = {
			isa = XCConfigurationList;
			buildConfigurations = (
				FA20372F1C4FCA890034899B /* Debug */,
				FA2037301C4FCA890034899B /* Release */,
			);
			defaultConfigurationIsVisible = 0;
			defaultConfigurationName = Release;
		};
		FA2037311C4FCA890034899B /* Build configuration list for PBXNativeTarget "NetworkRequestStubbing" */ = {
			isa = XCConfigurationList;
			buildConfigurations = (
				FA2037321C4FCA890034899B /* Debug */,
				FA2037331C4FCA890034899B /* Release */,
			);
			defaultConfigurationIsVisible = 0;
		};
		FA2037341C4FCA890034899B /* Build configuration list for PBXNativeTarget "NetworkRequestStubbingTests" */ = {
			isa = XCConfigurationList;
			buildConfigurations = (
				FA2037351C4FCA890034899B /* Debug */,
				FA2037361C4FCA890034899B /* Release */,
			);
			defaultConfigurationIsVisible = 0;
		};
/* End XCConfigurationList section */
	};
	rootObject = FA20370C1C4FCA890034899B /* Project object */;
}
